
Microsoft Visual Studio Solution File, Format Version 12.00
# Visual Studio Version 16
VisualStudioVersion = 16.0.29920.165
MinimumVisualStudioVersion = 10.0.40219.1
Project("{FAE04EC0-301F-11D3-BF4B-00C04F79EFBC}") = "Fase4", "Fase4.csproj", "{D0DD66AB-7556-45AA-ACBA-3CBB52E1AE7A}"
EndProject
Global
	GlobalSection(SolutionConfigurationPlatforms) = preSolution
		Debug|Any CPU = Debug|Any CPU
		Release|Any CPU = Release|Any CPU
	EndGlobalSection
	GlobalSection(ProjectConfigurationPlatforms) = postSolution
		{D0DD66AB-7556-45AA-ACBA-3CBB52E1AE7A}.Debug|Any CPU.ActiveCfg = Debug|Any CPU
		{D0DD66AB-7556-45AA-ACBA-3CBB52E1AE7A}.Debug|Any CPU.Build.0 = Debug|Any CPU
		{D0DD66AB-7556-45AA-ACBA-3CBB52E1AE7A}.Release|Any CPU.ActiveCfg = Release|Any CPU
		{D0DD66AB-7556-45AA-ACBA-3CBB52E1AE7A}.Release|Any CPU.Build.0 = Release|Any CPU
	EndGlobalSection
	GlobalSection(SolutionProperties) = preSolution
		HideSolutionNode = FALSE
	EndGlobalSection
	GlobalSection(ExtensibilityGlobals) = postSolution
		SolutionGuid = {A2A4547F-3C63-426B-8CD1-07CEA1338A30}
	EndGlobalSection
EndGlobal
